
Microsoft Visual Studio Solution File, Format Version 12.00
# Visual Studio Version 17
VisualStudioVersion = 17.10.35013.160
MinimumVisualStudioVersion = 10.0.40219.1
Project("{FAE04EC0-301F-11D3-BF4B-00C04F79EFBC}") = "CologneStore", "CologneStore.csproj", "{6BCD561A-DFA3-4F1E-9311-03E504FDC837}"
EndProject
Global
	GlobalSection(SolutionConfigurationPlatforms) = preSolution
		Debug|Any CPU = Debug|Any CPU
		Release|Any CPU = Release|Any CPU
	EndGlobalSection
	GlobalSection(ProjectConfigurationPlatforms) = postSolution
		{6BCD561A-DFA3-4F1E-9311-03E504FDC837}.Debug|Any CPU.ActiveCfg = Debug|Any CPU
		{6BCD561A-DFA3-4F1E-9311-03E504FDC837}.Debug|Any CPU.Build.0 = Debug|Any CPU
		{6BCD561A-DFA3-4F1E-9311-03E504FDC837}.Release|Any CPU.ActiveCfg = Release|Any CPU
		{6BCD561A-DFA3-4F1E-9311-03E504FDC837}.Release|Any CPU.Build.0 = Release|Any CPU
	EndGlobalSection
	GlobalSection(SolutionProperties) = preSolution
		HideSolutionNode = FALSE
	EndGlobalSection
	GlobalSection(ExtensibilityGlobals) = postSolution
		SolutionGuid = {233C3FBB-EC84-4E64-91A1-259CC25B0D62}
	EndGlobalSection
EndGlobal
